
Microsoft Visual Studio Solution File, Format Version 12.00
# Visual Studio Version 16
VisualStudioVersion = 16.0.30611.23
MinimumVisualStudioVersion = 10.0.40219.1
Project("{FAE04EC0-301F-11D3-BF4B-00C04F79EFBC}") = "Lab4_4.1_Git", "Lab4_4.1_Git\Lab4_4.1_Git.csproj", "{7942C7F8-30A8-4D53-82DD-F6514ED48C41}"
EndProject
Global
	GlobalSection(SolutionConfigurationPlatforms) = preSolution
		Debug|Any CPU = Debug|Any CPU
		Release|Any CPU = Release|Any CPU
	EndGlobalSection
	GlobalSection(ProjectConfigurationPlatforms) = postSolution
		{7942C7F8-30A8-4D53-82DD-F6514ED48C41}.Debug|Any CPU.ActiveCfg = Debug|Any CPU
		{7942C7F8-30A8-4D53-82DD-F6514ED48C41}.Debug|Any CPU.Build.0 = Debug|Any CPU
		{7942C7F8-30A8-4D53-82DD-F6514ED48C41}.Release|Any CPU.ActiveCfg = Release|Any CPU
		{7942C7F8-30A8-4D53-82DD-F6514ED48C41}.Release|Any CPU.Build.0 = Release|Any CPU
	EndGlobalSection
	GlobalSection(SolutionProperties) = preSolution
		HideSolutionNode = FALSE
	EndGlobalSection
	GlobalSection(ExtensibilityGlobals) = postSolution
		SolutionGuid = {1F9099B2-5CED-4A61-8DC3-3987183BC444}
	EndGlobalSection
EndGlobal
